
Microsoft Visual Studio Solution File, Format Version 12.00
# Visual Studio Version 16
VisualStudioVersion = 16.0.29728.190
MinimumVisualStudioVersion = 10.0.40219.1
Project("{8BC9CEB8-8B4A-11D0-8D11-00A0C91BC942}") = "View", "View\View.vcxproj", "{A585E344-4AD1-4094-B647-7DC979C76C45}"
EndProject
Global
	GlobalSection(SolutionConfigurationPlatforms) = preSolution
		Debug|x64 = Debug|x64
		Release|x64 = Release|x64
	EndGlobalSection
	GlobalSection(ProjectConfigurationPlatforms) = postSolution
		{A585E344-4AD1-4094-B647-7DC979C76C45}.Debug|x64.ActiveCfg = Debug|x64
		{A585E344-4AD1-4094-B647-7DC979C76C45}.Debug|x64.Build.0 = Debug|x64
		{A585E344-4AD1-4094-B647-7DC979C76C45}.Release|x64.ActiveCfg = Release|x64
		{A585E344-4AD1-4094-B647-7DC979C76C45}.Release|x64.Build.0 = Release|x64
	EndGlobalSection
	GlobalSection(SolutionProperties) = preSolution
		HideSolutionNode = FALSE
	EndGlobalSection
	GlobalSection(ExtensibilityGlobals) = postSolution
		SolutionGuid = {60D07911-5216-43F4-B1D7-9C4E7617BE81}
	EndGlobalSection
EndGlobal
